
Microsoft Visual Studio Solution File, Format Version 12.00
# Visual Studio 15
VisualStudioVersion = 15.0.27703.2042
MinimumVisualStudioVersion = 10.0.40219.1
Project("{FAE04EC0-301F-11D3-BF4B-00C04F79EFBC}") = "HMData", "HMData\HMData.csproj", "{1C1A896A-C8B4-40CA-9503-F0713B6FFD58}"
EndProject
Global
	GlobalSection(SolutionConfigurationPlatforms) = preSolution
		Debug|Any CPU = Debug|Any CPU
		Release|Any CPU = Release|Any CPU
	EndGlobalSection
	GlobalSection(ProjectConfigurationPlatforms) = postSolution
		{1C1A896A-C8B4-40CA-9503-F0713B6FFD58}.Debug|Any CPU.ActiveCfg = Debug|Any CPU
		{1C1A896A-C8B4-40CA-9503-F0713B6FFD58}.Debug|Any CPU.Build.0 = Debug|Any CPU
		{1C1A896A-C8B4-40CA-9503-F0713B6FFD58}.Release|Any CPU.ActiveCfg = Release|Any CPU
		{1C1A896A-C8B4-40CA-9503-F0713B6FFD58}.Release|Any CPU.Build.0 = Release|Any CPU
	EndGlobalSection
	GlobalSection(SolutionProperties) = preSolution
		HideSolutionNode = FALSE
	EndGlobalSection
	GlobalSection(ExtensibilityGlobals) = postSolution
		SolutionGuid = {136F450D-0A02-4B67-9718-43AA00BF5DC5}
	EndGlobalSection
EndGlobal
